
Microsoft Visual Studio Solution File, Format Version 12.00
# Visual Studio Version 16
VisualStudioVersion = 16.0.31729.503
MinimumVisualStudioVersion = 10.0.40219.1
Project("{FAE04EC0-301F-11D3-BF4B-00C04F79EFBC}") = "Playground", "Playground\Playground.csproj", "{C485E18A-EC99-499F-967F-773D4C603387}"
EndProject
Global
	GlobalSection(SolutionConfigurationPlatforms) = preSolution
		Debug|Any CPU = Debug|Any CPU
		Release|Any CPU = Release|Any CPU
	EndGlobalSection
	GlobalSection(ProjectConfigurationPlatforms) = postSolution
		{C485E18A-EC99-499F-967F-773D4C603387}.Debug|Any CPU.ActiveCfg = Debug|Any CPU
		{C485E18A-EC99-499F-967F-773D4C603387}.Debug|Any CPU.Build.0 = Debug|Any CPU
		{C485E18A-EC99-499F-967F-773D4C603387}.Release|Any CPU.ActiveCfg = Release|Any CPU
		{C485E18A-EC99-499F-967F-773D4C603387}.Release|Any CPU.Build.0 = Release|Any CPU
	EndGlobalSection
	GlobalSection(SolutionProperties) = preSolution
		HideSolutionNode = FALSE
	EndGlobalSection
	GlobalSection(ExtensibilityGlobals) = postSolution
		SolutionGuid = {879B5872-C43E-4D9E-AB98-DA1C5A123D57}
	EndGlobalSection
EndGlobal
